Microsoft Visual Studio Solution File, Format Version 11.00
# Visual Studio 2008

Project("{F98A6D17-74FD-D469-5BDA-10D88F5096BD}") = "DotVelocity", "Assembly-CSharp.csproj", "{C397B434-F65F-72BD-4FDC-5E4E98EC93B7}"
EndProject
Global
	GlobalSection(SolutionConfigurationPlatforms) = preSolution
		Debug|Any CPU = Debug|Any CPU
		Release|Any CPU = Release|Any CPU
	EndGlobalSection
	GlobalSection(ProjectConfigurationPlatforms) = postSolution
		{C397B434-F65F-72BD-4FDC-5E4E98EC93B7}.Debug|Any CPU.ActiveCfg = Debug|Any CPU
		{C397B434-F65F-72BD-4FDC-5E4E98EC93B7}.Debug|Any CPU.Build.0 = Debug|Any CPU
		{C397B434-F65F-72BD-4FDC-5E4E98EC93B7}.Release|Any CPU.ActiveCfg = Release|Any CPU
		{C397B434-F65F-72BD-4FDC-5E4E98EC93B7}.Release|Any CPU.Build.0 = Release|Any CPU
	EndGlobalSection
	GlobalSection(SolutionProperties) = preSolution
		HideSolutionNode = FALSE
	EndGlobalSection
	GlobalSection(MonoDevelopProperties) = preSolution
		StartupItem = Assembly-CSharp.csproj
	EndGlobalSection
EndGlobal
